
Microsoft Visual Studio Solution File, Format Version 12.00
# Visual Studio 15
VisualStudioVersion = 15.0.33801.198
MinimumVisualStudioVersion = 10.0.40219.1
Project("{FAE04EC0-301F-11D3-BF4B-00C04F79EFBC}") = "Consola", "Consola\Consola.csproj", "{90209DC3-7D75-400E-9851-F2074862833A}"
EndProject
Project("{FAE04EC0-301F-11D3-BF4B-00C04F79EFBC}") = "Logica", "Logica\Logica.csproj", "{DCE73EDC-52F0-4B1B-8496-6DCEEE98B9F1}"
EndProject
Global
	GlobalSection(SolutionConfigurationPlatforms) = preSolution
		Debug|Any CPU = Debug|Any CPU
		Release|Any CPU = Release|Any CPU
	EndGlobalSection
	GlobalSection(ProjectConfigurationPlatforms) = postSolution
		{90209DC3-7D75-400E-9851-F2074862833A}.Debug|Any CPU.ActiveCfg = Debug|Any CPU
		{90209DC3-7D75-400E-9851-F2074862833A}.Debug|Any CPU.Build.0 = Debug|Any CPU
		{90209DC3-7D75-400E-9851-F2074862833A}.Release|Any CPU.ActiveCfg = Release|Any CPU
		{90209DC3-7D75-400E-9851-F2074862833A}.Release|Any CPU.Build.0 = Release|Any CPU
		{DCE73EDC-52F0-4B1B-8496-6DCEEE98B9F1}.Debug|Any CPU.ActiveCfg = Debug|Any CPU
		{DCE73EDC-52F0-4B1B-8496-6DCEEE98B9F1}.Debug|Any CPU.Build.0 = Debug|Any CPU
		{DCE73EDC-52F0-4B1B-8496-6DCEEE98B9F1}.Release|Any CPU.ActiveCfg = Release|Any CPU
		{DCE73EDC-52F0-4B1B-8496-6DCEEE98B9F1}.Release|Any CPU.Build.0 = Release|Any CPU
	EndGlobalSection
	GlobalSection(SolutionProperties) = preSolution
		HideSolutionNode = FALSE
	EndGlobalSection
	GlobalSection(ExtensibilityGlobals) = postSolution
		SolutionGuid = {1AF84FDD-4B9A-4501-9383-8A321D41FE8F}
	EndGlobalSection
EndGlobal
